
Microsoft Visual Studio Solution File, Format Version 12.00
# Visual Studio Version 16
VisualStudioVersion = 16.0.31729.503
MinimumVisualStudioVersion = 10.0.40219.1
Project("{FAE04EC0-301F-11D3-BF4B-00C04F79EFBC}") = "calc", "calc\calc.csproj", "{46B7D8EE-8AA7-49CC-AA30-76F3ACA0C703}"
EndProject
Global
	GlobalSection(SolutionConfigurationPlatforms) = preSolution
		Debug|Any CPU = Debug|Any CPU
		Release|Any CPU = Release|Any CPU
	EndGlobalSection
	GlobalSection(ProjectConfigurationPlatforms) = postSolution
		{46B7D8EE-8AA7-49CC-AA30-76F3ACA0C703}.Debug|Any CPU.ActiveCfg = Debug|Any CPU
		{46B7D8EE-8AA7-49CC-AA30-76F3ACA0C703}.Debug|Any CPU.Build.0 = Debug|Any CPU
		{46B7D8EE-8AA7-49CC-AA30-76F3ACA0C703}.Release|Any CPU.ActiveCfg = Release|Any CPU
		{46B7D8EE-8AA7-49CC-AA30-76F3ACA0C703}.Release|Any CPU.Build.0 = Release|Any CPU
	EndGlobalSection
	GlobalSection(SolutionProperties) = preSolution
		HideSolutionNode = FALSE
	EndGlobalSection
	GlobalSection(ExtensibilityGlobals) = postSolution
		SolutionGuid = {C1A85298-8032-4C4A-941E-FB6743F99EF1}
	EndGlobalSection
EndGlobal
